lockfileVersion: '9.0'

settings:
  autoInstallPeers: true
  excludeLinksFromLockfile: false

importers:

  .:
    dependencies:
      cron:
        specifier: 4.3.0
        version: 4.3.0

packages:

  '@types/luxon@3.6.2':
    resolution: {integrity: sha512-R/BdP7OxEMc44l2Ex5lSXHoIXTB2JLNa3y2QISIbr58U/YcsffyQrYW//hZSdrfxrjRZj3GcUoxMPGdO8gSYuw==}

  cron@4.3.0:
    resolution: {integrity: sha512-ciiYNLfSlF9MrDqnbMdRWFiA6oizSF7kA1osPP9lRzNu0Uu+AWog1UKy7SkckiDY2irrNjeO6qLyKnXC8oxmrw==}
    engines: {node: '>=18.x'}

  luxon@3.6.1:
    resolution: {integrity: sha512-tJLxrKJhO2ukZ5z0gyjY1zPh3Rh88Ej9P7jNrZiHMUXHae1yvI2imgOZtL1TO8TW6biMMKfTtAOoEJANgtWBMQ==}
    engines: {node: '>=12'}

snapshots:

  '@types/luxon@3.6.2': {}

  cron@4.3.0:
    dependencies:
      '@types/luxon': 3.6.2
      luxon: 3.6.1

  luxon@3.6.1: {}
